
Microsoft Visual Studio Solution File, Format Version 12.00
# Visual Studio Version 17
VisualStudioVersion = 17.9.34723.18
MinimumVisualStudioVersion = 10.0.40219.1
Project("{9A19103F-16F7-4668-BE54-9A1E7A4F7556}") = "Focus", "Focus.csproj", "{90835C1C-7832-4635-B29C-46A5A6A52857}"
EndProject
Project("{2150E333-8FDC-42A3-9474-1A3956D46DE8}") = "Solution Items", "Solution Items", "{40BA5C26-E52D-4A51-A293-0ECB25098FB6}"
	ProjectSection(SolutionItems) = preProject
		png\grid-two-up-32.ico = png\grid-two-up-32.ico
	EndProjectSection
EndProject
Project("{54435603-DBB4-11D2-8724-00A0C9A8B90C}") = "FocusInstaller", "..\Installer\FocusInstaller\FocusInstaller.vdproj", "{14B022A0-4895-494C-AA1A-9CAE76BBEEF3}"
EndProject
Global
	GlobalSection(SolutionConfigurationPlatforms) = preSolution
		Debug|Any CPU = Debug|Any CPU
		Debug|x64 = Debug|x64
		Release|Any CPU = Release|Any CPU
		Release|x64 = Release|x64
	EndGlobalSection
	GlobalSection(ProjectConfigurationPlatforms) = postSolution
		{90835C1C-7832-4635-B29C-46A5A6A52857}.Debug|Any CPU.ActiveCfg = Debug|Any CPU
		{90835C1C-7832-4635-B29C-46A5A6A52857}.Debug|Any CPU.Build.0 = Debug|Any CPU
		{90835C1C-7832-4635-B29C-46A5A6A52857}.Debug|x64.ActiveCfg = Debug|x64
		{90835C1C-7832-4635-B29C-46A5A6A52857}.Debug|x64.Build.0 = Debug|x64
		{90835C1C-7832-4635-B29C-46A5A6A52857}.Release|Any CPU.ActiveCfg = Debug|Any CPU
		{90835C1C-7832-4635-B29C-46A5A6A52857}.Release|Any CPU.Build.0 = Debug|Any CPU
		{90835C1C-7832-4635-B29C-46A5A6A52857}.Release|x64.ActiveCfg = Release|x64
		{90835C1C-7832-4635-B29C-46A5A6A52857}.Release|x64.Build.0 = Release|x64
		{14B022A0-4895-494C-AA1A-9CAE76BBEEF3}.Debug|Any CPU.ActiveCfg = Debug
		{14B022A0-4895-494C-AA1A-9CAE76BBEEF3}.Debug|x64.ActiveCfg = Debug
		{14B022A0-4895-494C-AA1A-9CAE76BBEEF3}.Release|Any CPU.ActiveCfg = Release
		{14B022A0-4895-494C-AA1A-9CAE76BBEEF3}.Release|x64.ActiveCfg = Release
	EndGlobalSection
	GlobalSection(SolutionProperties) = preSolution
		HideSolutionNode = FALSE
	EndGlobalSection
	GlobalSection(ExtensibilityGlobals) = postSolution
		SolutionGuid = {2ECCAD88-1B90-421E-A7C2-9A4518D1596B}
	EndGlobalSection
EndGlobal
