
Microsoft Visual Studio Solution File, Format Version 12.00
# Visual Studio Version 17
VisualStudioVersion = 17.9.34723.18
MinimumVisualStudioVersion = 10.0.40219.1
Project("{9A19103F-16F7-4668-BE54-9A1E7A4F7556}") = "Focus", "Focus.csproj", "{90835C1C-7832-4635-B29C-46A5A6A52857}"
EndProject
Global
	GlobalSection(SolutionConfigurationPlatforms) = preSolution
		Debug|Any CPU = Debug|Any CPU
		Release|Any CPU = Release|Any CPU
	EndGlobalSection
	GlobalSection(ProjectConfigurationPlatforms) = postSolution
		{90835C1C-7832-4635-B29C-46A5A6A52857}.Debug|Any CPU.ActiveCfg = Debug|Any CPU
		{90835C1C-7832-4635-B29C-46A5A6A52857}.Debug|Any CPU.Build.0 = Debug|Any CPU
		{90835C1C-7832-4635-B29C-46A5A6A52857}.Release|Any CPU.ActiveCfg = Debug|Any CPU
		{90835C1C-7832-4635-B29C-46A5A6A52857}.Release|Any CPU.Build.0 = Debug|Any CPU
	EndGlobalSection
	GlobalSection(SolutionProperties) = preSolution
		HideSolutionNode = FALSE
	EndGlobalSection
	GlobalSection(ExtensibilityGlobals) = postSolution
		SolutionGuid = {2ECCAD88-1B90-421E-A7C2-9A4518D1596B}
	EndGlobalSection
EndGlobal
